// !$*UTF8*$!
{
	archiveVersion = 1;
	classes = {
	};
	objectVersion = 46;
	objects = {

/* Begin PBXBuildFile section */
		3C5252291D1FCD5F0026D986 /* LoginSpec.swift in Sources */ = {isa = PBXBuildFile; fileRef = 3C5252281D1FCD5F0026D986 /* LoginSpec.swift */; };
		3C79C6C91D1EF434007853BA /* SecretListContract.swift in Sources */ = {isa = PBXBuildFile; fileRef = 3C79C6C81D1EF434007853BA /* SecretListContract.swift */; };
		3C79C6CB1D1EF43F007853BA /* SecretListViewModel.swift in Sources */ = {isa = PBXBuildFile; fileRef = 3C79C6CA1D1EF43F007853BA /* SecretListViewModel.swift */; };
		3C991AB11D1E97000028558C /* LoginContract.swift in Sources */ = {isa = PBXBuildFile; fileRef = 3C991AB01D1E97000028558C /* LoginContract.swift */; };
		3C991AB31D1E98F90028558C /* Flow.swift in Sources */ = {isa = PBXBuildFile; fileRef = 3C991AB21D1E98F90028558C /* Flow.swift */; };
		3C991AB51D1E9C8C0028558C /* LoginViewModel.swift in Sources */ = {isa = PBXBuildFile; fileRef = 3C991AB41D1E9C8C0028558C /* LoginViewModel.swift */; };
		3CD6C5A41D2014780061C101 /* SecretListSpec.swift in Sources */ = {isa = PBXBuildFile; fileRef = 3CD6C5A31D2014780061C101 /* SecretListSpec.swift */; };
		695818C4B9180802EB40EAA2 /* Pods_SecretListTests.framework in Frameworks */ = {isa = PBXBuildFile; fileRef = FA05A6F70D698973AFC62555 /* Pods_SecretListTests.framework */; };
		D6EF81015E247E253D725C79 /* Pods_SecretList.framework in Frameworks */ = {isa = PBXBuildFile; fileRef = F97D6B8F9C1D2037C4CDD7F3 /* Pods_SecretList.framework */; };
		DD5A47531D1E4F5500B5D8E7 /* AppDelegate.swift in Sources */ = {isa = PBXBuildFile; fileRef = DD5A47521D1E4F5500B5D8E7 /* AppDelegate.swift */; };
		DD5A47551D1E4F5500B5D8E7 /* LoginViewController.swift in Sources */ = {isa = PBXBuildFile; fileRef = DD5A47541D1E4F5500B5D8E7 /* LoginViewController.swift */; };
		DD5A47581D1E4F5500B5D8E7 /* Main.storyboard in Resources */ = {isa = PBXBuildFile; fileRef = DD5A47561D1E4F5500B5D8E7 /* Main.storyboard */; };
		DD5A475A1D1E4F5500B5D8E7 /* Assets.xcassets in Resources */ = {isa = PBXBuildFile; fileRef = DD5A47591D1E4F5500B5D8E7 /* Assets.xcassets */; };
		DD5A475D1D1E4F5500B5D8E7 /* LaunchScreen.storyboard in Resources */ = {isa = PBXBuildFile; fileRef = DD5A475B1D1E4F5500B5D8E7 /* LaunchScreen.storyboard */; };
		DD5A47731D1E606D00B5D8E7 /* APIManager.swift in Sources */ = {isa = PBXBuildFile; fileRef = DD5A47721D1E606D00B5D8E7 /* APIManager.swift */; };
		DD86C8C21D1FB19600E555B8 /* LoginButton.swift in Sources */ = {isa = PBXBuildFile; fileRef = DD86C8C11D1FB19600E555B8 /* LoginButton.swift */; };
		DD86C8C41D1FB22500E555B8 /* CredentialField.swift in Sources */ = {isa = PBXBuildFile; fileRef = DD86C8C31D1FB22500E555B8 /* CredentialField.swift */; };
		DD8B0E151D1E756C0017DFB7 /* SecretListViewController.swift in Sources */ = {isa = PBXBuildFile; fileRef = DD8B0E141D1E756C0017DFB7 /* SecretListViewController.swift */; };
		DD8B0E191D1E77670017DFB7 /* Item.swift in Sources */ = {isa = PBXBuildFile; fileRef = DD8B0E181D1E77670017DFB7 /* Item.swift */; };
/* End PBXBuildFile section */

/* Begin PBXContainerItemProxy section */
		DD5A47641D1E4F5500B5D8E7 /* PBXContainerItemProxy */ = {
			isa = PBXContainerItemProxy;
			containerPortal = DD5A47471D1E4F5500B5D8E7 /* Project object */;
			proxyType = 1;
			remoteGlobalIDString = DD5A474E1D1E4F5500B5D8E7;
			remoteInfo = SecretList;
		};
/* End PBXContainerItemProxy section */

/* Begin PBXFileReference section */
		3C5252281D1FCD5F0026D986 /* LoginSpec.swift */ = {isa = PBXFileReference; fileEncoding = 4; lastKnownFileType = sourcecode.swift; path = LoginSpec.swift; sourceTree = "<group>"; };
		3C79C6C81D1EF434007853BA /* SecretListContract.swift */ = {isa = PBXFileReference; fileEncoding = 4; lastKnownFileType = sourcecode.swift; path = SecretListContract.swift; sourceTree = "<group>"; };
		3C79C6CA1D1EF43F007853BA /* SecretListViewModel.swift */ = {isa = PBXFileReference; fileEncoding = 4; lastKnownFileType = sourcecode.swift; path = SecretListViewModel.swift; sourceTree = "<group>"; };
		3C991AB01D1E97000028558C /* LoginContract.swift */ = {isa = PBXFileReference; fileEncoding = 4; lastKnownFileType = sourcecode.swift; path = LoginContract.swift; sourceTree = "<group>"; };
		3C991AB21D1E98F90028558C /* Flow.swift */ = {isa = PBXFileReference; fileEncoding = 4; lastKnownFileType = sourcecode.swift; path = Flow.swift; sourceTree = "<group>"; };
		3C991AB41D1E9C8C0028558C /* LoginViewModel.swift */ = {isa = PBXFileReference; fileEncoding = 4; lastKnownFileType = sourcecode.swift; path = LoginViewModel.swift; sourceTree = "<group>"; };
		3CD6C5A31D2014780061C101 /* SecretListSpec.swift */ = {isa = PBXFileReference; fileEncoding = 4; lastKnownFileType = sourcecode.swift; path = SecretListSpec.swift; sourceTree = "<group>"; };
		67AFD6BBFBD2B672D5BB324B /* Pods-SecretList.debug.xcconfig */ = {isa = PBXFileReference; includeInIndex = 1; lastKnownFileType = text.xcconfig; name = "Pods-SecretList.debug.xcconfig"; path = "Pods/Target Support Files/Pods-SecretList/Pods-SecretList.debug.xcconfig"; sourceTree = "<group>"; };
		BD44441BD53CE6A78117EC95 /* Pods-SecretList.release.xcconfig */ = {isa = PBXFileReference; includeInIndex = 1; lastKnownFileType = text.xcconfig; name = "Pods-SecretList.release.xcconfig"; path = "Pods/Target Support Files/Pods-SecretList/Pods-SecretList.release.xcconfig"; sourceTree = "<group>"; };
		DD5A474F1D1E4F5500B5D8E7 /* SecretList.app */ = {isa = PBXFileReference; explicitFileType = wrapper.application; includeInIndex = 0; path = SecretList.app; sourceTree = BUILT_PRODUCTS_DIR; };
		DD5A47521D1E4F5500B5D8E7 /* AppDelegate.swift */ = {isa = PBXFileReference; lastKnownFileType = sourcecode.swift; path = AppDelegate.swift; sourceTree = "<group>"; };
		DD5A47541D1E4F5500B5D8E7 /* LoginViewController.swift */ = {isa = PBXFileReference; lastKnownFileType = sourcecode.swift; path = LoginViewController.swift; sourceTree = "<group>"; };
		DD5A47571D1E4F5500B5D8E7 /* Base */ = {isa = PBXFileReference; lastKnownFileType = file.storyboard; name = Base; path = Base.lproj/Main.storyboard; sourceTree = "<group>"; };
		DD5A47591D1E4F5500B5D8E7 /* Assets.xcassets */ = {isa = PBXFileReference; lastKnownFileType = folder.assetcatalog; path = Assets.xcassets; sourceTree = "<group>"; };
		DD5A475C1D1E4F5500B5D8E7 /* Base */ = {isa = PBXFileReference; lastKnownFileType = file.storyboard; name = Base; path = Base.lproj/LaunchScreen.storyboard; sourceTree = "<group>"; };
		DD5A475E1D1E4F5500B5D8E7 /* Info.plist */ = {isa = PBXFileReference; lastKnownFileType = text.plist.xml; path = Info.plist; sourceTree = "<group>"; };
		DD5A47631D1E4F5500B5D8E7 /* SecretListTests.xctest */ = {isa = PBXFileReference; explicitFileType = wrapper.cfbundle; includeInIndex = 0; path = SecretListTests.xctest; sourceTree = BUILT_PRODUCTS_DIR; };
		DD5A47691D1E4F5500B5D8E7 /* Info.plist */ = {isa = PBXFileReference; lastKnownFileType = text.plist.xml; path = Info.plist; sourceTree = "<group>"; };
		DD5A47721D1E606D00B5D8E7 /* APIManager.swift */ = {isa = PBXFileReference; fileEncoding = 4; lastKnownFileType = sourcecode.swift; path = APIManager.swift; sourceTree = "<group>"; };
		DD86C8C11D1FB19600E555B8 /* LoginButton.swift */ = {isa = PBXFileReference; fileEncoding = 4; lastKnownFileType = sourcecode.swift; path = LoginButton.swift; sourceTree = "<group>"; };
		DD86C8C31D1FB22500E555B8 /* CredentialField.swift */ = {isa = PBXFileReference; fileEncoding = 4; lastKnownFileType = sourcecode.swift; path = CredentialField.swift; sourceTree = "<group>"; };
		DD8B0E141D1E756C0017DFB7 /* SecretListViewController.swift */ = {isa = PBXFileReference; fileEncoding = 4; lastKnownFileType = sourcecode.swift; path = SecretListViewController.swift; sourceTree = "<group>"; };
		DD8B0E181D1E77670017DFB7 /* Item.swift */ = {isa = PBXFileReference; fileEncoding = 4; lastKnownFileType = sourcecode.swift; path = Item.swift; sourceTree = "<group>"; };
		E4866AF0C23A5A0130C45945 /* Pods-SecretListTests.debug.xcconfig */ = {isa = PBXFileReference; includeInIndex = 1; lastKnownFileType = text.xcconfig; name = "Pods-SecretListTests.debug.xcconfig"; path = "Pods/Target Support Files/Pods-SecretListTests/Pods-SecretListTests.debug.xcconfig"; sourceTree = "<group>"; };
		F1793674074FC66A083A21BC /* Pods-SecretListTests.release.xcconfig */ = {isa = PBXFileReference; includeInIndex = 1; lastKnownFileType = text.xcconfig; name = "Pods-SecretListTests.release.xcconfig"; path = "Pods/Target Support Files/Pods-SecretListTests/Pods-SecretListTests.release.xcconfig"; sourceTree = "<group>"; };
		F97D6B8F9C1D2037C4CDD7F3 /* Pods_SecretList.framework */ = {isa = PBXFileReference; explicitFileType = wrapper.framework; includeInIndex = 0; path = Pods_SecretList.framework; sourceTree = BUILT_PRODUCTS_DIR; };
		FA05A6F70D698973AFC62555 /* Pods_SecretListTests.framework */ = {isa = PBXFileReference; explicitFileType = wrapper.framework; includeInIndex = 0; path = Pods_SecretListTests.framework; sourceTree = BUILT_PRODUCTS_DIR; };
/* End PBXFileReference section */

/* Begin PBXFrameworksBuildPhase section */
		DD5A474C1D1E4F5500B5D8E7 /* Frameworks */ = {
			isa = PBXFrameworksBuildPhase;
			buildActionMask = 2147483647;
			files = (
				D6EF81015E247E253D725C79 /* Pods_SecretList.framework in Frameworks */,
			);
			runOnlyForDeploymentPostprocessing = 0;
		};
		DD5A47601D1E4F5500B5D8E7 /* Frameworks */ = {
			isa = PBXFrameworksBuildPhase;
			buildActionMask = 2147483647;
			files = (
				695818C4B9180802EB40EAA2 /* Pods_SecretListTests.framework in Frameworks */,
			);
			runOnlyForDeploymentPostprocessing = 0;
		};
/* End PBXFrameworksBuildPhase section */

/* Begin PBXGroup section */
		3C79C6C71D1EF40F007853BA /* SecretList */ = {
			isa = PBXGroup;
			children = (
				3C79C6C81D1EF434007853BA /* SecretListContract.swift */,
				DD8B0E141D1E756C0017DFB7 /* SecretListViewController.swift */,
				3C79C6CA1D1EF43F007853BA /* SecretListViewModel.swift */,
			);
			name = SecretList;
			sourceTree = "<group>";
		};
		3C991AB61D1EAD310028558C /* Login */ = {
			isa = PBXGroup;
			children = (
				3C991AB01D1E97000028558C /* LoginContract.swift */,
				DD5A47541D1E4F5500B5D8E7 /* LoginViewController.swift */,
				3C991AB41D1E9C8C0028558C /* LoginViewModel.swift */,
			);
			name = Login;
			sourceTree = "<group>";
		};
		757DE099EC1D003CA46D88CA /* Pods */ = {
			isa = PBXGroup;
			children = (
				67AFD6BBFBD2B672D5BB324B /* Pods-SecretList.debug.xcconfig */,
				BD44441BD53CE6A78117EC95 /* Pods-SecretList.release.xcconfig */,
				E4866AF0C23A5A0130C45945 /* Pods-SecretListTests.debug.xcconfig */,
				F1793674074FC66A083A21BC /* Pods-SecretListTests.release.xcconfig */,
			);
			name = Pods;
			sourceTree = "<group>";
		};
		9F4A050CD873CF9CDD219FF7 /* Frameworks */ = {
			isa = PBXGroup;
			children = (
				F97D6B8F9C1D2037C4CDD7F3 /* Pods_SecretList.framework */,
				FA05A6F70D698973AFC62555 /* Pods_SecretListTests.framework */,
			);
			name = Frameworks;
			sourceTree = "<group>";
		};
		DD5A47461D1E4F5500B5D8E7 = {
			isa = PBXGroup;
			children = (
				DD5A47511D1E4F5500B5D8E7 /* SecretList */,
				DD5A47661D1E4F5500B5D8E7 /* SecretListTests */,
				DD5A47501D1E4F5500B5D8E7 /* Products */,
				757DE099EC1D003CA46D88CA /* Pods */,
				9F4A050CD873CF9CDD219FF7 /* Frameworks */,
			);
			sourceTree = "<group>";
		};
		DD5A47501D1E4F5500B5D8E7 /* Products */ = {
			isa = PBXGroup;
			children = (
				DD5A474F1D1E4F5500B5D8E7 /* SecretList.app */,
				DD5A47631D1E4F5500B5D8E7 /* SecretListTests.xctest */,
			);
			name = Products;
			sourceTree = "<group>";
		};
		DD5A47511D1E4F5500B5D8E7 /* SecretList */ = {
			isa = PBXGroup;
			children = (
				DD5A47721D1E606D00B5D8E7 /* APIManager.swift */,
				DD5A47521D1E4F5500B5D8E7 /* AppDelegate.swift */,
				DD5A47591D1E4F5500B5D8E7 /* Assets.xcassets */,
				DD86C8C31D1FB22500E555B8 /* CredentialField.swift */,
				3C991AB21D1E98F90028558C /* Flow.swift */,
				DD5A475E1D1E4F5500B5D8E7 /* Info.plist */,
				DD8B0E181D1E77670017DFB7 /* Item.swift */,
				DD5A475B1D1E4F5500B5D8E7 /* LaunchScreen.storyboard */,
				3C991AB61D1EAD310028558C /* Login */,
				DD86C8C11D1FB19600E555B8 /* LoginButton.swift */,
				DD5A47561D1E4F5500B5D8E7 /* Main.storyboard */,
				3C79C6C71D1EF40F007853BA /* SecretList */,
			);
			path = SecretList;
			sourceTree = "<group>";
		};
		DD5A47661D1E4F5500B5D8E7 /* SecretListTests */ = {
			isa = PBXGroup;
			children = (
				DD5A47691D1E4F5500B5D8E7 /* Info.plist */,
				3C5252281D1FCD5F0026D986 /* LoginSpec.swift */,
				3CD6C5A31D2014780061C101 /* SecretListSpec.swift */,
			);
			path = SecretListTests;
			sourceTree = "<group>";
		};
/* End PBXGroup section */

/* Begin PBXNativeTarget section */
		DD5A474E1D1E4F5500B5D8E7 /* SecretList */ = {
			isa = PBXNativeTarget;
			buildConfigurationList = DD5A476C1D1E4F5500B5D8E7 /* Build configuration list for PBXNativeTarget "SecretList" */;
			buildPhases = (
				9E96C6E3CB69BE3E043DDC7F /* [CP] Check Pods Manifest.lock */,
				DD5A474B1D1E4F5500B5D8E7 /* Sources */,
				DD5A474C1D1E4F5500B5D8E7 /* Frameworks */,
				DD5A474D1D1E4F5500B5D8E7 /* Resources */,
				62F42C04CA8CF0DFED0D331F /* [CP] Embed Pods Frameworks */,
				9B94215FA365C4E6D0BCB15F /* [CP] Copy Pods Resources */,
			);
			buildRules = (
			);
			dependencies = (
			);
			name = SecretList;
			productName = SecretList;
			productReference = DD5A474F1D1E4F5500B5D8E7 /* SecretList.app */;
			productType = "com.apple.product-type.application";
		};
		DD5A47621D1E4F5500B5D8E7 /* SecretListTests */ = {
			isa = PBXNativeTarget;
			buildConfigurationList = DD5A476F1D1E4F5500B5D8E7 /* Build configuration list for PBXNativeTarget "SecretListTests" */;
			buildPhases = (
				541605E8B7433951CE2749E0 /* [CP] Check Pods Manifest.lock */,
				DD5A475F1D1E4F5500B5D8E7 /* Sources */,
				DD5A47601D1E4F5500B5D8E7 /* Frameworks */,
				DD5A47611D1E4F5500B5D8E7 /* Resources */,
				AF94AEBCBEA2267938DE0083 /* [CP] Embed Pods Frameworks */,
				966DF6870E4069896E91B3F2 /* [CP] Copy Pods Resources */,
			);
			buildRules = (
			);
			dependencies = (
				DD5A47651D1E4F5500B5D8E7 /* PBXTargetDependency */,
			);
			name = SecretListTests;
			productName = SecretListTests;
			productReference = DD5A47631D1E4F5500B5D8E7 /* SecretListTests.xctest */;
			productType = "com.apple.product-type.bundle.unit-test";
		};
/* End PBXNativeTarget section */

/* Begin PBXProject section */
		DD5A47471D1E4F5500B5D8E7 /* Project object */ = {
			isa = PBXProject;
			attributes = {
				LastSwiftUpdateCheck = 0730;
				LastUpgradeCheck = 0730;
				ORGANIZATIONNAME = "Kiattisak Anoochitarom";
				TargetAttributes = {
					DD5A474E1D1E4F5500B5D8E7 = {
						CreatedOnToolsVersion = 7.3.1;
					};
					DD5A47621D1E4F5500B5D8E7 = {
						CreatedOnToolsVersion = 7.3.1;
						TestTargetID = DD5A474E1D1E4F5500B5D8E7;
					};
				};
			};
			buildConfigurationList = DD5A474A1D1E4F5500B5D8E7 /* Build configuration list for PBXProject "SecretList" */;
			compatibilityVersion = "Xcode 3.2";
			developmentRegion = English;
			hasScannedForEncodings = 0;
			knownRegions = (
				en,
				Base,
			);
			mainGroup = DD5A47461D1E4F5500B5D8E7;
			productRefGroup = DD5A47501D1E4F5500B5D8E7 /* Products */;
			projectDirPath = "";
			projectRoot = "";
			targets = (
				DD5A474E1D1E4F5500B5D8E7 /* SecretList */,
				DD5A47621D1E4F5500B5D8E7 /* SecretListTests */,
			);
		};
/* End PBXProject section */

/* Begin PBXResourcesBuildPhase section */
		DD5A474D1D1E4F5500B5D8E7 /* Resources */ = {
			isa = PBXResourcesBuildPhase;
			buildActionMask = 2147483647;
			files = (
				DD5A475D1D1E4F5500B5D8E7 /* LaunchScreen.storyboard in Resources */,
				DD5A475A1D1E4F5500B5D8E7 /* Assets.xcassets in Resources */,
				DD5A47581D1E4F5500B5D8E7 /* Main.storyboard in Resources */,
			);
			runOnlyForDeploymentPostprocessing = 0;
		};
		DD5A47611D1E4F5500B5D8E7 /* Resources */ = {
			isa = PBXResourcesBuildPhase;
			buildActionMask = 2147483647;
			files = (
			);
			runOnlyForDeploymentPostprocessing = 0;
		};
/* End PBXResourcesBuildPhase section */

/* Begin PBXShellScriptBuildPhase section */
		541605E8B7433951CE2749E0 /* [CP] Check Pods Manifest.lock */ = {
			isa = PBXShellScriptBuildPhase;
			buildActionMask = 2147483647;
			files = (
			);
			inputPaths = (
			);
			name = "[CP] Check Pods Manifest.lock";
			outputPaths = (
			);
			runOnlyForDeploymentPostprocessing = 0;
			shellPath = /bin/sh;
			shellScript = "diff \"${PODS_ROOT}/../Podfile.lock\" \"${PODS_ROOT}/Manifest.lock\" > /dev/null\nif [[ $? != 0 ]] ; then\n    cat << EOM\nerror: The sandbox is not in sync with the Podfile.lock. Run 'pod install' or update your CocoaPods installation.\nEOM\n    exit 1\nfi\n";
			showEnvVarsInLog = 0;
		};
		62F42C04CA8CF0DFED0D331F /* [CP] Embed Pods Frameworks */ = {
			isa = PBXShellScriptBuildPhase;
			buildActionMask = 2147483647;
			files = (
			);
			inputPaths = (
			);
			name = "[CP] Embed Pods Frameworks";
			outputPaths = (
			);
			runOnlyForDeploymentPostprocessing = 0;
			shellPath = /bin/sh;
			shellScript = "\"${SRCROOT}/Pods/Target Support Files/Pods-SecretList/Pods-SecretList-frameworks.sh\"\n";
			showEnvVarsInLog = 0;
		};
		966DF6870E4069896E91B3F2 /* [CP] Copy Pods Resources */ = {
			isa = PBXShellScriptBuildPhase;
			buildActionMask = 2147483647;
			files = (
			);
			inputPaths = (
			);
			name = "[CP] Copy Pods Resources";
			outputPaths = (
			);
			runOnlyForDeploymentPostprocessing = 0;
			shellPath = /bin/sh;
			shellScript = "\"${SRCROOT}/Pods/Target Support Files/Pods-SecretListTests/Pods-SecretListTests-resources.sh\"\n";
			showEnvVarsInLog = 0;
		};
		9B94215FA365C4E6D0BCB15F /* [CP] Copy Pods Resources */ = {
			isa = PBXShellScriptBuildPhase;
			buildActionMask = 2147483647;
			files = (
			);
			inputPaths = (
			);
			name = "[CP] Copy Pods Resources";
			outputPaths = (
			);
			runOnlyForDeploymentPostprocessing = 0;
			shellPath = /bin/sh;
			shellScript = "\"${SRCROOT}/Pods/Target Support Files/Pods-SecretList/Pods-SecretList-resources.sh\"\n";
			showEnvVarsInLog = 0;
		};
		9E96C6E3CB69BE3E043DDC7F /* [CP] Check Pods Manifest.lock */ = {
			isa = PBXShellScriptBuildPhase;
			buildActionMask = 2147483647;
			files = (
			);
			inputPaths = (
			);
			name = "[CP] Check Pods Manifest.lock";
			outputPaths = (
			);
			runOnlyForDeploymentPostprocessing = 0;
			shellPath = /bin/sh;
			shellScript = "diff \"${PODS_ROOT}/../Podfile.lock\" \"${PODS_ROOT}/Manifest.lock\" > /dev/null\nif [[ $? != 0 ]] ; then\n    cat << EOM\nerror: The sandbox is not in sync with the Podfile.lock. Run 'pod install' or update your CocoaPods installation.\nEOM\n    exit 1\nfi\n";
			showEnvVarsInLog = 0;
		};
		AF94AEBCBEA2267938DE0083 /* [CP] Embed Pods Frameworks */ = {
			isa = PBXShellScriptBuildPhase;
			buildActionMask = 2147483647;
			files = (
			);
			inputPaths = (
			);
			name = "[CP] Embed Pods Frameworks";
			outputPaths = (
			);
			runOnlyForDeploymentPostprocessing = 0;
			shellPath = /bin/sh;
			shellScript = "\"${SRCROOT}/Pods/Target Support Files/Pods-SecretListTests/Pods-SecretListTests-frameworks.sh\"\n";
			showEnvVarsInLog = 0;
		};
/* End PBXShellScriptBuildPhase section */

/* Begin PBXSourcesBuildPhase section */
		DD5A474B1D1E4F5500B5D8E7 /* Sources */ = {
			isa = PBXSourcesBuildPhase;
			buildActionMask = 2147483647;
			files = (
				3C79C6CB1D1EF43F007853BA /* SecretListViewModel.swift in Sources */,
				3C991AB31D1E98F90028558C /* Flow.swift in Sources */,
				DD5A47551D1E4F5500B5D8E7 /* LoginViewController.swift in Sources */,
				DD86C8C21D1FB19600E555B8 /* LoginButton.swift in Sources */,
				3C991AB11D1E97000028558C /* LoginContract.swift in Sources */,
				3C79C6C91D1EF434007853BA /* SecretListContract.swift in Sources */,
				DD5A47531D1E4F5500B5D8E7 /* AppDelegate.swift in Sources */,
				3C991AB51D1E9C8C0028558C /* LoginViewModel.swift in Sources */,
				DD8B0E151D1E756C0017DFB7 /* SecretListViewController.swift in Sources */,
				DD5A47731D1E606D00B5D8E7 /* APIManager.swift in Sources */,
				DD8B0E191D1E77670017DFB7 /* Item.swift in Sources */,
				DD86C8C41D1FB22500E555B8 /* CredentialField.swift in Sources */,
			);
			runOnlyForDeploymentPostprocessing = 0;
		};
		DD5A475F1D1E4F5500B5D8E7 /* Sources */ = {
			isa = PBXSourcesBuildPhase;
			buildActionMask = 2147483647;
			files = (
				3CD6C5A41D2014780061C101 /* SecretListSpec.swift in Sources */,
				3C5252291D1FCD5F0026D986 /* LoginSpec.swift in Sources */,
			);
			runOnlyForDeploymentPostprocessing = 0;
		};
/* End PBXSourcesBuildPhase section */

/* Begin PBXTargetDependency section */
		DD5A47651D1E4F5500B5D8E7 /* PBXTargetDependency */ = {
			isa = PBXTargetDependency;
			target = DD5A474E1D1E4F5500B5D8E7 /* SecretList */;
			targetProxy = DD5A47641D1E4F5500B5D8E7 /* PBXContainerItemProxy */;
		};
/* End PBXTargetDependency section */

/* Begin PBXVariantGroup section */
		DD5A47561D1E4F5500B5D8E7 /* Main.storyboard */ = {
			isa = PBXVariantGroup;
			children = (
				DD5A47571D1E4F5500B5D8E7 /* Base */,
			);
			name = Main.storyboard;
			sourceTree = "<group>";
		};
		DD5A475B1D1E4F5500B5D8E7 /* LaunchScreen.storyboard */ = {
			isa = PBXVariantGroup;
			children = (
				DD5A475C1D1E4F5500B5D8E7 /* Base */,
			);
			name = LaunchScreen.storyboard;
			sourceTree = "<group>";
		};
/* End PBXVariantGroup section */

/* Begin XCBuildConfiguration section */
		DD5A476A1D1E4F5500B5D8E7 /* Debug */ = {
			isa = XCBuildConfiguration;
			buildSettings = {
				ALWAYS_SEARCH_USER_PATHS = NO;
				CLANG_ANALYZER_NONNULL = YES;
				CLANG_CXX_LANGUAGE_STANDARD = "gnu++0x";
				CLANG_CXX_LIBRARY = "libc++";
				CLANG_ENABLE_MODULES = YES;
				CLANG_ENABLE_OBJC_ARC = YES;
				CLANG_WARN_BOOL_CONVERSION = YES;
				CLANG_WARN_CONSTANT_CONVERSION = YES;
				CLANG_WARN_DIRECT_OBJC_ISA_USAGE = YES_ERROR;
				CLANG_WARN_EMPTY_BODY = YES;
				CLANG_WARN_ENUM_CONVERSION = YES;
				CLANG_WARN_INT_CONVERSION = YES;
				CLANG_WARN_OBJC_ROOT_CLASS = YES_ERROR;
				CLANG_WARN_UNREACHABLE_CODE = YES;
				CLANG_WARN__DUPLICATE_METHOD_MATCH = YES;
				"CODE_SIGN_IDENTITY[sdk=iphoneos*]" = "iPhone Developer";
				COPY_PHASE_STRIP = NO;
				DEBUG_INFORMATION_FORMAT = dwarf;
				DEFINES_MODULE = NO;
				ENABLE_STRICT_OBJC_MSGSEND = YES;
				ENABLE_TESTABILITY = YES;
				GCC_C_LANGUAGE_STANDARD = gnu99;
				GCC_DYNAMIC_NO_PIC = NO;
				GCC_NO_COMMON_BLOCKS = YES;
				GCC_OPTIMIZATION_LEVEL = 0;
				GCC_PREPROCESSOR_DEFINITIONS = (
					"DEBUG=1",
					"$(inherited)",
				);
				GCC_WARN_64_TO_32_BIT_CONVERSION = YES;
				GCC_WARN_ABOUT_RETURN_TYPE = YES_ERROR;
				GCC_WARN_UNDECLARED_SELECTOR = YES;
				GCC_WARN_UNINITIALIZED_AUTOS = YES_AGGRESSIVE;
				GCC_WARN_UNUSED_FUNCTION = YES;
				GCC_WARN_UNUSED_VARIABLE = YES;
				IPHONEOS_DEPLOYMENT_TARGET = 9.3;
				MTL_ENABLE_DEBUG_INFO = YES;
				ONLY_ACTIVE_ARCH = YES;
				SDKROOT = iphoneos;
				SWIFT_OPTIMIZATION_LEVEL = "-Onone";
				TARGETED_DEVICE_FAMILY = "1,2";
			};
			name = Debug;
		};
		DD5A476B1D1E4F5500B5D8E7 /* Release */ = {
			isa = XCBuildConfiguration;
			buildSettings = {
				ALWAYS_SEARCH_USER_PATHS = NO;
				CLANG_ANALYZER_NONNULL = YES;
				CLANG_CXX_LANGUAGE_STANDARD = "gnu++0x";
				CLANG_CXX_LIBRARY = "libc++";
				CLANG_ENABLE_MODULES = YES;
				CLANG_ENABLE_OBJC_ARC = YES;
				CLANG_WARN_BOOL_CONVERSION = YES;
				CLANG_WARN_CONSTANT_CONVERSION = YES;
				CLANG_WARN_DIRECT_OBJC_ISA_USAGE = YES_ERROR;
				CLANG_WARN_EMPTY_BODY = YES;
				CLANG_WARN_ENUM_CONVERSION = YES;
				CLANG_WARN_INT_CONVERSION = YES;
				CLANG_WARN_OBJC_ROOT_CLASS = YES_ERROR;
				CLANG_WARN_UNREACHABLE_CODE = YES;
				CLANG_WARN__DUPLICATE_METHOD_MATCH = YES;
				"CODE_SIGN_IDENTITY[sdk=iphoneos*]" = "iPhone Developer";
				COPY_PHASE_STRIP = NO;
				DEBUG_INFORMATION_FORMAT = "dwarf-with-dsym";
				DEFINES_MODULE = NO;
				ENABLE_NS_ASSERTIONS = NO;
				ENABLE_STRICT_OBJC_MSGSEND = YES;
				GCC_C_LANGUAGE_STANDARD = gnu99;
				GCC_NO_COMMON_BLOCKS = YES;
				GCC_WARN_64_TO_32_BIT_CONVERSION = YES;
				GCC_WARN_ABOUT_RETURN_TYPE = YES_ERROR;
				GCC_WARN_UNDECLARED_SELECTOR = YES;
				GCC_WARN_UNINITIALIZED_AUTOS = YES_AGGRESSIVE;
				GCC_WARN_UNUSED_FUNCTION = YES;
				GCC_WARN_UNUSED_VARIABLE = YES;
				IPHONEOS_DEPLOYMENT_TARGET = 9.3;
				MTL_ENABLE_DEBUG_INFO = NO;
				SDKROOT = iphoneos;
				TARGETED_DEVICE_FAMILY = "1,2";
				VALIDATE_PRODUCT = YES;
			};
			name = Release;
		};
		DD5A476D1D1E4F5500B5D8E7 /* Debug */ = {
			isa = XCBuildConfiguration;
			baseConfigurationReference = 67AFD6BBFBD2B672D5BB324B /* Pods-SecretList.debug.xcconfig */;
			buildSettings = {
				ASSETCATALOG_COMPILER_APPICON_NAME = AppIcon;
				DEFINES_MODULE = YES;
				INFOPLIST_FILE = SecretList/Info.plist;
				LD_RUNPATH_SEARCH_PATHS = "$(inherited) @executable_path/Frameworks";
				PRODUCT_BUNDLE_IDENTIFIER = com.macbaszii.SecretList;
				PRODUCT_NAME = "$(TARGET_NAME)";
			};
			name = Debug;
		};
		DD5A476E1D1E4F5500B5D8E7 /* Release */ = {
			isa = XCBuildConfiguration;
			baseConfigurationReference = BD44441BD53CE6A78117EC95 /* Pods-SecretList.release.xcconfig */;
			buildSettings = {
				ASSETCATALOG_COMPILER_APPICON_NAME = AppIcon;
				DEFINES_MODULE = YES;
				INFOPLIST_FILE = SecretList/Info.plist;
				LD_RUNPATH_SEARCH_PATHS = "$(inherited) @executable_path/Frameworks";
				PRODUCT_BUNDLE_IDENTIFIER = com.macbaszii.SecretList;
				PRODUCT_NAME = "$(TARGET_NAME)";
			};
			name = Release;
		};
		DD5A47701D1E4F5500B5D8E7 /* Debug */ = {
			isa = XCBuildConfiguration;
			baseConfigurationReference = E4866AF0C23A5A0130C45945 /* Pods-SecretListTests.debug.xcconfig */;
			buildSettings = {
				BUNDLE_LOADER = "$(TEST_HOST)";
				INFOPLIST_FILE = SecretListTests/Info.plist;
				LD_RUNPATH_SEARCH_PATHS = "$(inherited) @executable_path/Frameworks @loader_path/Frameworks";
				PRODUCT_BUNDLE_IDENTIFIER = com.macbaszii.SecretListTests;
				PRODUCT_NAME = "$(TARGET_NAME)";
				TEST_HOST = "$(BUILT_PRODUCTS_DIR)/SecretList.app/SecretList";
			};
			name = Debug;
		};
		DD5A47711D1E4F5500B5D8E7 /* Release */ = {
			isa = XCBuildConfiguration;
			baseConfigurationReference = F1793674074FC66A083A21BC /* Pods-SecretListTests.release.xcconfig */;
			buildSettings = {
				BUNDLE_LOADER = "$(TEST_HOST)";
				INFOPLIST_FILE = SecretListTests/Info.plist;
				LD_RUNPATH_SEARCH_PATHS = "$(inherited) @executable_path/Frameworks @loader_path/Frameworks";
				PRODUCT_BUNDLE_IDENTIFIER = com.macbaszii.SecretListTests;
				PRODUCT_NAME = "$(TARGET_NAME)";
				TEST_HOST = "$(BUILT_PRODUCTS_DIR)/SecretList.app/SecretList";
			};
			name = Release;
		};
/* End XCBuildConfiguration section */

/* Begin XCConfigurationList section */
		DD5A474A1D1E4F5500B5D8E7 /* Build configuration list for PBXProject "SecretList" */ = {
			isa = XCConfigurationList;
			buildConfigurations = (
				DD5A476A1D1E4F5500B5D8E7 /* Debug */,
				DD5A476B1D1E4F5500B5D8E7 /* Release */,
			);
			defaultConfigurationIsVisible = 0;
			defaultConfigurationName = Release;
		};
		DD5A476C1D1E4F5500B5D8E7 /* Build configuration list for PBXNativeTarget "SecretList" */ = {
			isa = XCConfigurationList;
			buildConfigurations = (
				DD5A476D1D1E4F5500B5D8E7 /* Debug */,
				DD5A476E1D1E4F5500B5D8E7 /* Release */,
			);
			defaultConfigurationIsVisible = 0;
			defaultConfigurationName = Release;
		};
		DD5A476F1D1E4F5500B5D8E7 /* Build configuration list for PBXNativeTarget "SecretListTests" */ = {
			isa = XCConfigurationList;
			buildConfigurations = (
				DD5A47701D1E4F5500B5D8E7 /* Debug */,
				DD5A47711D1E4F5500B5D8E7 /* Release */,
			);
			defaultConfigurationIsVisible = 0;
			defaultConfigurationName = Release;
		};
/* End XCConfigurationList section */
	};
	rootObject = DD5A47471D1E4F5500B5D8E7 /* Project object */;
}
